
Microsoft Visual Studio Solution File, Format Version 12.00
# Visual Studio Version 16
VisualStudioVersion = 16.0.29411.108
MinimumVisualStudioVersion = 10.0.40219.1
Project("{9A19103F-16F7-4668-BE54-9A1E7A4F7556}") = "WebPocket.Web", "WebPocket.Server\WebPocket.Web.csproj", "{9C95BAC6-0F2E-4E93-88AE-BE28668E18D7}"
EndProject
Project("{9A19103F-16F7-4668-BE54-9A1E7A4F7556}") = "WebPocket.Repo", "WebPocket.Repo\WebPocket.Repo.csproj", "{F7B81DD3-CC43-47D8-8A16-72064EA279E2}"
EndProject
Project("{9A19103F-16F7-4668-BE54-9A1E7A4F7556}") = "WebPocket.Data", "WebPocket.Data\WebPocket.Data.csproj", "{BBE63D9F-8C86-4A6A-822B-F1EA22FAEEB3}"
EndProject
Project("{9A19103F-16F7-4668-BE54-9A1E7A4F7556}") = "WebPocket.Services", "WebPocket.Services\WebPocket.Services.csproj", "{3306C495-30F9-47E2-A990-0E17368B97E8}"
EndProject
Project("{FAE04EC0-301F-11D3-BF4B-00C04F79EFBC}") = "WebPocket.Common", "WebPocket.Common\WebPocket.Common.csproj", "{18F4CE0A-8F96-4633-A207-B573C2F76E16}"
EndProject
Global
	GlobalSection(SolutionConfigurationPlatforms) = preSolution
		Debug|Any CPU = Debug|Any CPU
		Release|Any CPU = Release|Any CPU
	EndGlobalSection
	GlobalSection(ProjectConfigurationPlatforms) = postSolution
		{9C95BAC6-0F2E-4E93-88AE-BE28668E18D7}.Debug|Any CPU.ActiveCfg = Debug|Any CPU
		{9C95BAC6-0F2E-4E93-88AE-BE28668E18D7}.Debug|Any CPU.Build.0 = Debug|Any CPU
		{9C95BAC6-0F2E-4E93-88AE-BE28668E18D7}.Release|Any CPU.ActiveCfg = Release|Any CPU
		{9C95BAC6-0F2E-4E93-88AE-BE28668E18D7}.Release|Any CPU.Build.0 = Release|Any CPU
		{F7B81DD3-CC43-47D8-8A16-72064EA279E2}.Debug|Any CPU.ActiveCfg = Debug|Any CPU
		{F7B81DD3-CC43-47D8-8A16-72064EA279E2}.Debug|Any CPU.Build.0 = Debug|Any CPU
		{F7B81DD3-CC43-47D8-8A16-72064EA279E2}.Release|Any CPU.ActiveCfg = Release|Any CPU
		{F7B81DD3-CC43-47D8-8A16-72064EA279E2}.Release|Any CPU.Build.0 = Release|Any CPU
		{BBE63D9F-8C86-4A6A-822B-F1EA22FAEEB3}.Debug|Any CPU.ActiveCfg = Debug|Any CPU
		{BBE63D9F-8C86-4A6A-822B-F1EA22FAEEB3}.Debug|Any CPU.Build.0 = Debug|Any CPU
		{BBE63D9F-8C86-4A6A-822B-F1EA22FAEEB3}.Release|Any CPU.ActiveCfg = Release|Any CPU
		{BBE63D9F-8C86-4A6A-822B-F1EA22FAEEB3}.Release|Any CPU.Build.0 = Release|Any CPU
		{3306C495-30F9-47E2-A990-0E17368B97E8}.Debug|Any CPU.ActiveCfg = Debug|Any CPU
		{3306C495-30F9-47E2-A990-0E17368B97E8}.Debug|Any CPU.Build.0 = Debug|Any CPU
		{3306C495-30F9-47E2-A990-0E17368B97E8}.Release|Any CPU.ActiveCfg = Release|Any CPU
		{3306C495-30F9-47E2-A990-0E17368B97E8}.Release|Any CPU.Build.0 = Release|Any CPU
		{18F4CE0A-8F96-4633-A207-B573C2F76E16}.Debug|Any CPU.ActiveCfg = Debug|Any CPU
		{18F4CE0A-8F96-4633-A207-B573C2F76E16}.Debug|Any CPU.Build.0 = Debug|Any CPU
		{18F4CE0A-8F96-4633-A207-B573C2F76E16}.Release|Any CPU.ActiveCfg = Release|Any CPU
		{18F4CE0A-8F96-4633-A207-B573C2F76E16}.Release|Any CPU.Build.0 = Release|Any CPU
	EndGlobalSection
	GlobalSection(SolutionProperties) = preSolution
		HideSolutionNode = FALSE
	EndGlobalSection
	GlobalSection(ExtensibilityGlobals) = postSolution
		SolutionGuid = {7736AD0E-61C2-432C-B921-1CA37806B14E}
	EndGlobalSection
EndGlobal
